
Microsoft Visual Studio Solution File, Format Version 12.00
# Visual Studio 14
VisualStudioVersion = 14.0.25420.1
MinimumVisualStudioVersion = 10.0.40219.1
Project("{FAE04EC0-301F-11D3-BF4B-00C04F79EFBC}") = "OnePlace.Web", "OnePlace.Web\OnePlace.Web.csproj", "{A6A85F12-5935-460D-9889-5FD446377177}"
EndProject
Project("{FAE04EC0-301F-11D3-BF4B-00C04F79EFBC}") = "OnePlace.Entity", "OnePlace.Entity\OnePlace.Entity.csproj", "{EB80644A-3D03-48B7-B18E-1F9C3F54316E}"
EndProject
Global
	GlobalSection(SolutionConfigurationPlatforms) = preSolution
		Debug|Any CPU = Debug|Any CPU
		Release|Any CPU = Release|Any CPU
	EndGlobalSection
	GlobalSection(ProjectConfigurationPlatforms) = postSolution
		{A6A85F12-5935-460D-9889-5FD446377177}.Debug|Any CPU.ActiveCfg = Debug|Any CPU
		{A6A85F12-5935-460D-9889-5FD446377177}.Debug|Any CPU.Build.0 = Debug|Any CPU
		{A6A85F12-5935-460D-9889-5FD446377177}.Release|Any CPU.ActiveCfg = Release|Any CPU
		{A6A85F12-5935-460D-9889-5FD446377177}.Release|Any CPU.Build.0 = Release|Any CPU
		{EB80644A-3D03-48B7-B18E-1F9C3F54316E}.Debug|Any CPU.ActiveCfg = Debug|Any CPU
		{EB80644A-3D03-48B7-B18E-1F9C3F54316E}.Debug|Any CPU.Build.0 = Debug|Any CPU
		{EB80644A-3D03-48B7-B18E-1F9C3F54316E}.Release|Any CPU.ActiveCfg = Release|Any CPU
		{EB80644A-3D03-48B7-B18E-1F9C3F54316E}.Release|Any CPU.Build.0 = Release|Any CPU
	EndGlobalSection
	GlobalSection(SolutionProperties) = preSolution
		HideSolutionNode = FALSE
	EndGlobalSection
EndGlobal
